PODS:
  - Calabash (0.14.0)
  - JSONModel (1.0.1)
  - Reachability (3.2)
  - ZzishSDK (0.3.8):
    - JSONModel (= 1.0.1)
    - Reachability (= 3.2.0)

DEPENDENCIES:
  - Calabash (>= 0.9.126)
  - JSONModel
  - Reachability
  - ZzishSDK (from `../`)

EXTERNAL SOURCES:
  ZzishSDK:
    :path: ../

SPEC CHECKSUMS:
  Calabash: e7dca94029db2f18b1b50fa375f7fc110f0c00dd
  JSONModel: de5799179dd476f68e0de1be3a4a40c962cc535f
  Reachability: 33e18b67625424e47b6cde6d202dce689ad7af96
  ZzishSDK: c44b0f22668346877dfd3cff0507660ac0c94815

COCOAPODS: 0.35.0
