PODS:
  - Calabash (0.13.0)
  - JSONModel (1.0.1)
  - Reachability (3.2)
  - ZzishSDK (0.3.7):
    - JSONModel (= 1.0.1)
    - Reachability (= 3.2.0)

DEPENDENCIES:
  - Calabash (>= 0.9.126)
  - JSONModel
  - Reachability
  - ZzishSDK (from `../`)

EXTERNAL SOURCES:
  ZzishSDK:
    :path: ../

SPEC CHECKSUMS:
  Calabash: 994c858551f57b60e8c31f8ef52594d450c5d169
  JSONModel: 634100aaacbd89811bc8a03da209356e5989c569
  Reachability: 1ef8adf5c4e3d362f96515d4278f68dad3c26930
  ZzishSDK: 572f21d35208c0b8ff261b640b41b0d6541b219c

COCOAPODS: 0.35.0
